{
 "name": "faye-sample",
 "version": "0.0.1",
 "lockfileVersion": 1,
 "requires": true,
 "dependencies": {
  "asap": {
   "version": "2.0.6",
   "resolved": "https://registry.npmjs.org/asap/-/asap-2.0.6.tgz",
   "integrity": "sha1-5QNHYR1+aQlDIIu9r+vLwvuGbUY="
  },
  "csprng": {
   "version": "0.1.2",
   "resolved": "https://registry.npmjs.org/csprng/-/csprng-0.1.2.tgz",
   "integrity": "sha1-S8aPEvo2jSUqWYQcusqXSxirReI=",
   "requires": {
    "sequin": "*"
   }
  },
  "double-ended-queue": {
   "version": "2.1.0-0",
   "resolved": "https://registry.npmjs.org/double-ended-queue/-/double-ended-queue-2.1.0-0.tgz",
   "integrity": "sha1-ED01J/0xUo9AGIEwyEHv3XgmTlw="
  },
  "faye": {
   "version": "1.2.4",
   "resolved": "https://registry.npmjs.org/faye/-/faye-1.2.4.tgz",
   "integrity": "sha1-l47YpY8dSB5cH5i6y4lZ3l7FxkM=",
   "requires": {
    "asap": "*",
    "csprng": "*",
    "faye-websocket": ">=0.9.1",
    "tough-cookie": "*",
    "tunnel-agent": "*"
   }
  },
  "faye-redis": {
   "version": "0.2.0",
   "resolved": "https://registry.npmjs.org/faye-redis/-/faye-redis-0.2.0.tgz",
   "integrity": "sha1-FtJxRMrkn90lr2pfuOIunxfsG8s=",
   "requires": {
    "redis": "^2.8.0"
   }
  },
  "faye-websocket": {
   "version": "0.11.1",
   "resolved": "https://registry.npmjs.org/faye-websocket/-/faye-websocket-0.11.1.tgz",
   "integrity": "sha1-8O/hjE9W5PQK/H4Gxxn9XuYYjzg=",
   "requires": {
    "websocket-driver": ">=0.5.1"
   }
  },
  "http-parser-js": {
   "version": "0.5.0",
   "resolved": "https://registry.npmjs.org/http-parser-js/-/http-parser-js-0.5.0.tgz",
   "integrity": "sha512-cZdEF7r4gfRIq7ezX9J0T+kQmJNOub71dWbgAXVHDct80TKP4MCETtZQ31xyv38UwgzkWPYF/Xc0ge55dW9Z9w=="
  },
  "ip-regex": {
   "version": "2.1.0",
   "resolved": "https://registry.npmjs.org/ip-regex/-/ip-regex-2.1.0.tgz",
   "integrity": "sha1-+ni/XS5pE8kRzp+BnuUUa7bYROk="
  },
  "psl": {
   "version": "1.1.31",
   "resolved": "https://registry.npmjs.org/psl/-/psl-1.1.31.tgz",
   "integrity": "sha512-/6pt4+C+T+wZUieKR620OpzN/LlnNKuWjy1iFLQ/UG35JqHlR/89MP1d96dUfkf6Dne3TuLQzOYEYshJ+Hx8mw=="
  },
  "punycode": {
   "version": "2.1.1",
   "resolved": "https://registry.npmjs.org/punycode/-/punycode-2.1.1.tgz",
   "integrity": "sha512-XRsRjdf+j5ml+y/6GKHPZbrF/8p2Yga0JPtdqTIY2Xe5ohJPD9saDJJLPvp9+NSBprVvevdXZybnj2cv8OEd0A=="
  },
  "redis": {
   "version": "2.8.0",
   "resolved": "https://registry.npmjs.org/redis/-/redis-2.8.0.tgz",
   "integrity": "sha512-M1OkonEQwtRmZv4tEWF2VgpG0JWJ8Fv1PhlgT5+B+uNq2cA3Rt1Yt/ryoR+vQNOQcIEgdCdfH0jr3bDpihAw1A==",
   "requires": {
    "double-ended-queue": "^2.1.0-0",
    "redis-commands": "^1.2.0",
    "redis-parser": "^2.6.0"
   }
  },
  "redis-commands": {
   "version": "1.5.0",
   "resolved": "https://registry.npmjs.org/redis-commands/-/redis-commands-1.5.0.tgz",
   "integrity": "sha512-6KxamqpZ468MeQC3bkWmCB1fp56XL64D4Kf0zJSwDZbVLLm7KFkoIcHrgRvQ+sk8dnhySs7+yBg94yIkAK7aJg=="
  },
  "redis-parser": {
   "version": "2.6.0",
   "resolved": "https://registry.npmjs.org/redis-parser/-/redis-parser-2.6.0.tgz",
   "integrity": "sha1-Uu0J2srBCPGmMcB+m2mUHnoZUEs="
  },
  "safe-buffer": {
   "version": "5.1.2",
   "resolved": "https://registry.npmjs.org/safe-buffer/-/safe-buffer-5.1.2.tgz",
   "integrity": "sha512-Gd2UZBJDkXlY7GbJxfsE8/nvKkUEU1G38c1siN6QP6a9PT9MmHB8GnpscSmMJSoF8LOIrt8ud/wPtojys4G6+g=="
  },
  "sequin": {
   "version": "0.1.1",
   "resolved": "https://registry.npmjs.org/sequin/-/sequin-0.1.1.tgz",
   "integrity": "sha1-XC04nWajg3NOqvvEXt6ywcsb5wE="
  },
  "tough-cookie": {
   "version": "3.0.1",
   "resolved": "https://registry.npmjs.org/tough-cookie/-/tough-cookie-3.0.1.tgz",
   "integrity": "sha512-yQyJ0u4pZsv9D4clxO69OEjLWYw+jbgspjTue4lTQZLfV0c5l1VmK2y1JK8E9ahdpltPOaAThPcp5nKPUgSnsg==",
   "requires": {
    "ip-regex": "^2.1.0",
    "psl": "^1.1.28",
    "punycode": "^2.1.1"
   }
  },
  "tunnel-agent": {
   "version": "0.6.0",
   "resolved": "https://registry.npmjs.org/tunnel-agent/-/tunnel-agent-0.6.0.tgz",
   "integrity": "sha1-J6XeoGs2sEoKmWZ3SykIaPD8QP0=",
   "requires": {
    "safe-buffer": "^5.0.1"
   }
  },
  "websocket-driver": {
   "version": "0.7.0",
   "resolved": "https://registry.npmjs.org/websocket-driver/-/websocket-driver-0.7.0.tgz",
   "integrity": "sha1-DK+dLXVdk67gSdS90NP+LMoqJOs=",
   "requires": {
    "http-parser-js": ">=0.4.0",
    "websocket-extensions": ">=0.1.1"
   }
  },
  "websocket-extensions": {
   "version": "0.1.4",
   "resolved": "https://registry.npmjs.org/websocket-extensions/-/websocket-extensions-0.1.4.tgz",
   "integrity": "sha512-OqedPIGOfsDlo31UNwYbCFMSaO9m9G/0faIHj5/dZFDMFqPTcx6UwqyOy3COEaEOg/9VsGIpdqn62W5KhoKSpg=="
  }
 }
}
